
Microsoft Visual Studio Solution File, Format Version 12.00
# Visual Studio 15
VisualStudioVersion = 15.0.26730.16
MinimumVisualStudioVersion = 10.0.40219.1
Project("{059D6162-CD51-11D0-AE1F-00A0C90FFFC3}") = "MultiDialog", "MultiDialog.vcxproj", "{FE176A8F-7C60-4DE0-A2A7-F98DB87B3386}"
EndProject
Global
	GlobalSection(SolutionProperties) = preSolution
		HideSolutionNode = FALSE
	EndGlobalSection
	GlobalSection(ExtensibilityGlobals) = postSolution
		SolutionGuid = {FF019888-1E65-49D1-9336-AFE4F7BD3963}
	EndGlobalSection
EndGlobal
