
Microsoft Visual Studio Solution File, Format Version 12.00
# Visual Studio 15
VisualStudioVersion = 15.0.26730.16
MinimumVisualStudioVersion = 10.0.40219.1
Project("{8BC9CEB8-8B4A-11D0-8D11-00A0C91BC942}") = "In_Class6", "In_Class6\In_Class6.vcxproj", "{ECD46029-9259-4602-A575-097E6A6BFF64}"
EndProject
Global
	GlobalSection(SolutionConfigurationPlatforms) = preSolution
		Debug|x64 = Debug|x64
		Debug|x86 = Debug|x86
		Release|x64 = Release|x64
		Release|x86 = Release|x86
	EndGlobalSection
	GlobalSection(ProjectConfigurationPlatforms) = postSolution
		{ECD46029-9259-4602-A575-097E6A6BFF64}.Debug|x64.ActiveCfg = Debug|x64
		{ECD46029-9259-4602-A575-097E6A6BFF64}.Debug|x64.Build.0 = Debug|x64
		{ECD46029-9259-4602-A575-097E6A6BFF64}.Debug|x86.ActiveCfg = Debug|Win32
		{ECD46029-9259-4602-A575-097E6A6BFF64}.Debug|x86.Build.0 = Debug|Win32
		{ECD46029-9259-4602-A575-097E6A6BFF64}.Release|x64.ActiveCfg = Release|x64
		{ECD46029-9259-4602-A575-097E6A6BFF64}.Release|x64.Build.0 = Release|x64
		{ECD46029-9259-4602-A575-097E6A6BFF64}.Release|x86.ActiveCfg = Release|Win32
		{ECD46029-9259-4602-A575-097E6A6BFF64}.Release|x86.Build.0 = Release|Win32
	EndGlobalSection
	GlobalSection(SolutionProperties) = preSolution
		HideSolutionNode = FALSE
	EndGlobalSection
	GlobalSection(ExtensibilityGlobals) = postSolution
		SolutionGuid = {0C0C9005-F9D0-4011-81FB-DD589C266203}
	EndGlobalSection
EndGlobal
